{
  "version": 4,
  "terraform_version": "1.9.6",
  "serial": 1,
  "lineage": "82b0da00-d5b1-9d68-5f47-2f4866aa6c10",
  "outputs": {},
  "resources": [
    {
      "mode": "managed",
      "type": "github_repository",
      "name": "my_repo",
      "provider": "provider[\"registry.terraform.io/hashicorp/github\"]",
      "instances": [
        {
          "schema_version": 1,
          "attributes": {
            "allow_auto_merge": false,
            "allow_merge_commit": true,
            "allow_rebase_merge": true,
            "allow_squash_merge": true,
            "allow_update_branch": false,
            "archive_on_destroy": null,
            "archived": false,
            "auto_init": null,
            "default_branch": "main",
            "delete_branch_on_merge": false,
            "description": "",
            "etag": "W/\"cb7408fbcdf115221e465fa627eedec1d8d0e65d6c176f33b4ca36985147d243\"",
            "full_name": "nicholaslalor/Database-And-Monitoring-Project",
            "git_clone_url": "git://github.com/nicholaslalor/Database-And-Monitoring-Project.git",
            "gitignore_template": null,
            "has_discussions": false,
            "has_downloads": false,
            "has_issues": false,
            "has_projects": false,
            "has_wiki": false,
            "homepage_url": "",
            "html_url": "https://github.com/nicholaslalor/Database-And-Monitoring-Project",
            "http_clone_url": "https://github.com/nicholaslalor/Database-And-Monitoring-Project.git",
            "id": "Database-And-Monitoring-Project",
            "ignore_vulnerability_alerts_during_read": null,
            "is_template": false,
            "license_template": null,
            "merge_commit_message": "PR_TITLE",
            "merge_commit_title": "MERGE_MESSAGE",
            "name": "Database-And-Monitoring-Project",
            "node_id": "R_kgDOM_ccFg",
            "pages": [],
            "primary_language": "",
            "private": false,
            "repo_id": 871832598,
            "security_and_analysis": [
              {
                "advanced_security": [],
                "secret_scanning": [
                  {
                    "status": "enabled"
                  }
                ],
                "secret_scanning_push_protection": [
                  {
                    "status": "enabled"
                  }
                ]
              }
            ],
            "squash_merge_commit_message": "COMMIT_MESSAGES",
            "squash_merge_commit_title": "COMMIT_OR_PR_TITLE",
            "ssh_clone_url": "git@github.com:nicholaslalor/Database-And-Monitoring-Project.git",
            "svn_url": "https://github.com/nicholaslalor/Database-And-Monitoring-Project",
            "template": [],
            "topics": [],
            "visibility": "public",
            "vulnerability_alerts": false,
            "web_commit_signoff_required": false
          },
          "sensitive_attributes": [],
          "private": "eyJzY2hlbWFfdmVyc2lvbiI6IjEifQ=="
        }
      ]
    }
  ],
  "check_results": null
}
